
Microsoft Visual Studio Solution File, Format Version 12.00
# Visual Studio Version 16
VisualStudioVersion = 16.0.29209.62
MinimumVisualStudioVersion = 10.0.40219.1
Project("{9A19103F-16F7-4668-BE54-9A1E7A4F7556}") = "Api", "Api\Api.csproj", "{F5F7A581-6370-41F2-B800-FCBDD243DDF0}"
	ProjectSection(ProjectDependencies) = postProject
		{4F2D0FC3-90ED-4381-8694-9F5A62E0FAB7} = {4F2D0FC3-90ED-4381-8694-9F5A62E0FAB7}
	EndProjectSection
EndProject
Project("{9A19103F-16F7-4668-BE54-9A1E7A4F7556}") = "Repositorio", "Repositorio\Repositorio.csproj", "{2C8F57E5-6C15-4188-8830-22E5D3FD2D1A}"
EndProject
Project("{9A19103F-16F7-4668-BE54-9A1E7A4F7556}") = "Servico", "Servico\Servico.csproj", "{4F2D0FC3-90ED-4381-8694-9F5A62E0FAB7}"
	ProjectSection(ProjectDependencies) = postProject
		{2C8F57E5-6C15-4188-8830-22E5D3FD2D1A} = {2C8F57E5-6C15-4188-8830-22E5D3FD2D1A}
	EndProjectSection
EndProject
Project("{9A19103F-16F7-4668-BE54-9A1E7A4F7556}") = "Testes", "Testes\Testes.csproj", "{41A63933-A3E9-43BE-8819-49B929F79BBE}"
	ProjectSection(ProjectDependencies) = postProject
		{4F2D0FC3-90ED-4381-8694-9F5A62E0FAB7} = {4F2D0FC3-90ED-4381-8694-9F5A62E0FAB7}
		{2C8F57E5-6C15-4188-8830-22E5D3FD2D1A} = {2C8F57E5-6C15-4188-8830-22E5D3FD2D1A}
	EndProjectSection
EndProject
Project("{2150E333-8FDC-42A3-9474-1A3956D46DE8}") = "Dominio", "Dominio", "{77AB19A0-583E-11EA-8C8D-CB024A3994A3}"
EndProject
Project("{FAE04EC0-301F-11D3-BF4B-00C04F79EFBC}") = "Logica", "Dominio\Logica\Logica.csproj", "{A07F4EED-83A4-4082-BC50-C2EF022FE5C0}"
EndProject
Project("{FAE04EC0-301F-11D3-BF4B-00C04F79EFBC}") = "ObjetosValor", "Dominio\ObjetosValor\ObjetosValor.csproj", "{42ABB302-C57F-42C7-ACFD-9A6676E026F9}"
EndProject
Project("{FAE04EC0-301F-11D3-BF4B-00C04F79EFBC}") = "Representacoes", "Dominio\Representacoes\Representacoes.csproj", "{C378031F-8DE7-4A78-BF45-4D3EE8A6589C}"
EndProject
Global
	GlobalSection(SolutionConfigurationPlatforms) = preSolution
		Debug|Any CPU = Debug|Any CPU
		Release|Any CPU = Release|Any CPU
	EndGlobalSection
	GlobalSection(ProjectConfigurationPlatforms) = postSolution
		{F5F7A581-6370-41F2-B800-FCBDD243DDF0}.Debug|Any CPU.ActiveCfg = Debug|Any CPU
		{F5F7A581-6370-41F2-B800-FCBDD243DDF0}.Debug|Any CPU.Build.0 = Debug|Any CPU
		{F5F7A581-6370-41F2-B800-FCBDD243DDF0}.Release|Any CPU.ActiveCfg = Release|Any CPU
		{F5F7A581-6370-41F2-B800-FCBDD243DDF0}.Release|Any CPU.Build.0 = Release|Any CPU
		{2C8F57E5-6C15-4188-8830-22E5D3FD2D1A}.Debug|Any CPU.ActiveCfg = Debug|Any CPU
		{2C8F57E5-6C15-4188-8830-22E5D3FD2D1A}.Debug|Any CPU.Build.0 = Debug|Any CPU
		{2C8F57E5-6C15-4188-8830-22E5D3FD2D1A}.Release|Any CPU.ActiveCfg = Release|Any CPU
		{2C8F57E5-6C15-4188-8830-22E5D3FD2D1A}.Release|Any CPU.Build.0 = Release|Any CPU
		{4F2D0FC3-90ED-4381-8694-9F5A62E0FAB7}.Debug|Any CPU.ActiveCfg = Debug|Any CPU
		{4F2D0FC3-90ED-4381-8694-9F5A62E0FAB7}.Debug|Any CPU.Build.0 = Debug|Any CPU
		{4F2D0FC3-90ED-4381-8694-9F5A62E0FAB7}.Release|Any CPU.ActiveCfg = Release|Any CPU
		{4F2D0FC3-90ED-4381-8694-9F5A62E0FAB7}.Release|Any CPU.Build.0 = Release|Any CPU
		{41A63933-A3E9-43BE-8819-49B929F79BBE}.Debug|Any CPU.ActiveCfg = Debug|Any CPU
		{41A63933-A3E9-43BE-8819-49B929F79BBE}.Debug|Any CPU.Build.0 = Debug|Any CPU
		{41A63933-A3E9-43BE-8819-49B929F79BBE}.Release|Any CPU.ActiveCfg = Release|Any CPU
		{41A63933-A3E9-43BE-8819-49B929F79BBE}.Release|Any CPU.Build.0 = Release|Any CPU
		{A07F4EED-83A4-4082-BC50-C2EF022FE5C0}.Debug|Any CPU.ActiveCfg = Debug|Any CPU
		{A07F4EED-83A4-4082-BC50-C2EF022FE5C0}.Debug|Any CPU.Build.0 = Debug|Any CPU
		{A07F4EED-83A4-4082-BC50-C2EF022FE5C0}.Release|Any CPU.ActiveCfg = Release|Any CPU
		{A07F4EED-83A4-4082-BC50-C2EF022FE5C0}.Release|Any CPU.Build.0 = Release|Any CPU
		{42ABB302-C57F-42C7-ACFD-9A6676E026F9}.Debug|Any CPU.ActiveCfg = Debug|Any CPU
		{42ABB302-C57F-42C7-ACFD-9A6676E026F9}.Debug|Any CPU.Build.0 = Debug|Any CPU
		{42ABB302-C57F-42C7-ACFD-9A6676E026F9}.Release|Any CPU.ActiveCfg = Release|Any CPU
		{42ABB302-C57F-42C7-ACFD-9A6676E026F9}.Release|Any CPU.Build.0 = Release|Any CPU
		{C378031F-8DE7-4A78-BF45-4D3EE8A6589C}.Debug|Any CPU.ActiveCfg = Debug|Any CPU
		{C378031F-8DE7-4A78-BF45-4D3EE8A6589C}.Debug|Any CPU.Build.0 = Debug|Any CPU
		{C378031F-8DE7-4A78-BF45-4D3EE8A6589C}.Release|Any CPU.ActiveCfg = Release|Any CPU
		{C378031F-8DE7-4A78-BF45-4D3EE8A6589C}.Release|Any CPU.Build.0 = Release|Any CPU
	EndGlobalSection
	GlobalSection(SolutionProperties) = preSolution
		HideSolutionNode = FALSE
	EndGlobalSection
	GlobalSection(ExtensibilityGlobals) = postSolution
		SolutionGuid = {CC289B9A-CF1A-452C-97FD-A1BFD43BD7A3}
	EndGlobalSection
	GlobalSection(NestedProjects) = preSolution
		{C378031F-8DE7-4A78-BF45-4D3EE8A6589C} = {77AB19A0-583E-11EA-8C8D-CB024A3994A3}
		{42ABB302-C57F-42C7-ACFD-9A6676E026F9} = {77AB19A0-583E-11EA-8C8D-CB024A3994A3}
		{A07F4EED-83A4-4082-BC50-C2EF022FE5C0} = {77AB19A0-583E-11EA-8C8D-CB024A3994A3}
	EndGlobalSection
EndGlobal
