
Microsoft Visual Studio Solution File, Format Version 12.00
# Visual Studio Version 16
VisualStudioVersion = 16.0.29209.62
MinimumVisualStudioVersion = 10.0.40219.1
Project("{9A19103F-16F7-4668-BE54-9A1E7A4F7556}") = "Api", "Api\Api.csproj", "{F5F7A581-6370-41F2-B800-FCBDD243DDF0}"
	ProjectSection(ProjectDependencies) = postProject
		{9CAEF513-D845-40D0-8E89-4A520EBB9309} = {9CAEF513-D845-40D0-8E89-4A520EBB9309}
		{51AF8757-C494-46E2-BE42-CD8D90642915} = {51AF8757-C494-46E2-BE42-CD8D90642915}
		{BE1A3265-B55B-4DA0-9856-4A4B09FEE3C2} = {BE1A3265-B55B-4DA0-9856-4A4B09FEE3C2}
		{57CA12A2-86FE-446B-9067-7F78F837621B} = {57CA12A2-86FE-446B-9067-7F78F837621B}
		{4F2D0FC3-90ED-4381-8694-9F5A62E0FAB7} = {4F2D0FC3-90ED-4381-8694-9F5A62E0FAB7}
	EndProjectSection
EndProject
Project("{9A19103F-16F7-4668-BE54-9A1E7A4F7556}") = "Dominio", "Dominio\Dominio.csproj", "{51AF8757-C494-46E2-BE42-CD8D90642915}"
	ProjectSection(ProjectDependencies) = postProject
		{9CAEF513-D845-40D0-8E89-4A520EBB9309} = {9CAEF513-D845-40D0-8E89-4A520EBB9309}
	EndProjectSection
EndProject
Project("{9A19103F-16F7-4668-BE54-9A1E7A4F7556}") = "Repositorio", "Repositorio\Repositorio.csproj", "{2C8F57E5-6C15-4188-8830-22E5D3FD2D1A}"
	ProjectSection(ProjectDependencies) = postProject
		{9CAEF513-D845-40D0-8E89-4A520EBB9309} = {9CAEF513-D845-40D0-8E89-4A520EBB9309}
		{51AF8757-C494-46E2-BE42-CD8D90642915} = {51AF8757-C494-46E2-BE42-CD8D90642915}
	EndProjectSection
EndProject
Project("{9A19103F-16F7-4668-BE54-9A1E7A4F7556}") = "Servico", "Servico\Servico.csproj", "{4F2D0FC3-90ED-4381-8694-9F5A62E0FAB7}"
	ProjectSection(ProjectDependencies) = postProject
		{9CAEF513-D845-40D0-8E89-4A520EBB9309} = {9CAEF513-D845-40D0-8E89-4A520EBB9309}
		{51AF8757-C494-46E2-BE42-CD8D90642915} = {51AF8757-C494-46E2-BE42-CD8D90642915}
		{2C8F57E5-6C15-4188-8830-22E5D3FD2D1A} = {2C8F57E5-6C15-4188-8830-22E5D3FD2D1A}
	EndProjectSection
EndProject
Project("{9A19103F-16F7-4668-BE54-9A1E7A4F7556}") = "Aplicacao", "Aplicacao\Aplicacao.csproj", "{BE1A3265-B55B-4DA0-9856-4A4B09FEE3C2}"
	ProjectSection(ProjectDependencies) = postProject
		{9CAEF513-D845-40D0-8E89-4A520EBB9309} = {9CAEF513-D845-40D0-8E89-4A520EBB9309}
	EndProjectSection
EndProject
Project("{9A19103F-16F7-4668-BE54-9A1E7A4F7556}") = "IoC", "IoC\IoC.csproj", "{57CA12A2-86FE-446B-9067-7F78F837621B}"
	ProjectSection(ProjectDependencies) = postProject
		{9CAEF513-D845-40D0-8E89-4A520EBB9309} = {9CAEF513-D845-40D0-8E89-4A520EBB9309}
		{4F2D0FC3-90ED-4381-8694-9F5A62E0FAB7} = {4F2D0FC3-90ED-4381-8694-9F5A62E0FAB7}
		{2C8F57E5-6C15-4188-8830-22E5D3FD2D1A} = {2C8F57E5-6C15-4188-8830-22E5D3FD2D1A}
	EndProjectSection
EndProject
Project("{9A19103F-16F7-4668-BE54-9A1E7A4F7556}") = "Helpers", "Helpers\Helpers.csproj", "{9CAEF513-D845-40D0-8E89-4A520EBB9309}"
EndProject
Project("{9A19103F-16F7-4668-BE54-9A1E7A4F7556}") = "AutenticacaoApi.Testes", "AutenticacaoApi.Testes\AutenticacaoApi.Testes.csproj", "{41A63933-A3E9-43BE-8819-49B929F79BBE}"
	ProjectSection(ProjectDependencies) = postProject
		{51AF8757-C494-46E2-BE42-CD8D90642915} = {51AF8757-C494-46E2-BE42-CD8D90642915}
		{F5F7A581-6370-41F2-B800-FCBDD243DDF0} = {F5F7A581-6370-41F2-B800-FCBDD243DDF0}
		{4F2D0FC3-90ED-4381-8694-9F5A62E0FAB7} = {4F2D0FC3-90ED-4381-8694-9F5A62E0FAB7}
		{2C8F57E5-6C15-4188-8830-22E5D3FD2D1A} = {2C8F57E5-6C15-4188-8830-22E5D3FD2D1A}
	EndProjectSection
EndProject
Global
	GlobalSection(SolutionConfigurationPlatforms) = preSolution
		Debug|Any CPU = Debug|Any CPU
		Release|Any CPU = Release|Any CPU
	EndGlobalSection
	GlobalSection(ProjectConfigurationPlatforms) = postSolution
		{F5F7A581-6370-41F2-B800-FCBDD243DDF0}.Debug|Any CPU.ActiveCfg = Debug|Any CPU
		{F5F7A581-6370-41F2-B800-FCBDD243DDF0}.Debug|Any CPU.Build.0 = Debug|Any CPU
		{F5F7A581-6370-41F2-B800-FCBDD243DDF0}.Release|Any CPU.ActiveCfg = Release|Any CPU
		{F5F7A581-6370-41F2-B800-FCBDD243DDF0}.Release|Any CPU.Build.0 = Release|Any CPU
		{51AF8757-C494-46E2-BE42-CD8D90642915}.Debug|Any CPU.ActiveCfg = Debug|Any CPU
		{51AF8757-C494-46E2-BE42-CD8D90642915}.Debug|Any CPU.Build.0 = Debug|Any CPU
		{51AF8757-C494-46E2-BE42-CD8D90642915}.Release|Any CPU.ActiveCfg = Release|Any CPU
		{51AF8757-C494-46E2-BE42-CD8D90642915}.Release|Any CPU.Build.0 = Release|Any CPU
		{2C8F57E5-6C15-4188-8830-22E5D3FD2D1A}.Debug|Any CPU.ActiveCfg = Debug|Any CPU
		{2C8F57E5-6C15-4188-8830-22E5D3FD2D1A}.Debug|Any CPU.Build.0 = Debug|Any CPU
		{2C8F57E5-6C15-4188-8830-22E5D3FD2D1A}.Release|Any CPU.ActiveCfg = Release|Any CPU
		{2C8F57E5-6C15-4188-8830-22E5D3FD2D1A}.Release|Any CPU.Build.0 = Release|Any CPU
		{4F2D0FC3-90ED-4381-8694-9F5A62E0FAB7}.Debug|Any CPU.ActiveCfg = Debug|Any CPU
		{4F2D0FC3-90ED-4381-8694-9F5A62E0FAB7}.Debug|Any CPU.Build.0 = Debug|Any CPU
		{4F2D0FC3-90ED-4381-8694-9F5A62E0FAB7}.Release|Any CPU.ActiveCfg = Release|Any CPU
		{4F2D0FC3-90ED-4381-8694-9F5A62E0FAB7}.Release|Any CPU.Build.0 = Release|Any CPU
		{BE1A3265-B55B-4DA0-9856-4A4B09FEE3C2}.Debug|Any CPU.ActiveCfg = Debug|Any CPU
		{BE1A3265-B55B-4DA0-9856-4A4B09FEE3C2}.Debug|Any CPU.Build.0 = Debug|Any CPU
		{BE1A3265-B55B-4DA0-9856-4A4B09FEE3C2}.Release|Any CPU.ActiveCfg = Release|Any CPU
		{BE1A3265-B55B-4DA0-9856-4A4B09FEE3C2}.Release|Any CPU.Build.0 = Release|Any CPU
		{57CA12A2-86FE-446B-9067-7F78F837621B}.Debug|Any CPU.ActiveCfg = Debug|Any CPU
		{57CA12A2-86FE-446B-9067-7F78F837621B}.Debug|Any CPU.Build.0 = Debug|Any CPU
		{57CA12A2-86FE-446B-9067-7F78F837621B}.Release|Any CPU.ActiveCfg = Release|Any CPU
		{57CA12A2-86FE-446B-9067-7F78F837621B}.Release|Any CPU.Build.0 = Release|Any CPU
		{9CAEF513-D845-40D0-8E89-4A520EBB9309}.Debug|Any CPU.ActiveCfg = Debug|Any CPU
		{9CAEF513-D845-40D0-8E89-4A520EBB9309}.Debug|Any CPU.Build.0 = Debug|Any CPU
		{9CAEF513-D845-40D0-8E89-4A520EBB9309}.Release|Any CPU.ActiveCfg = Release|Any CPU
		{9CAEF513-D845-40D0-8E89-4A520EBB9309}.Release|Any CPU.Build.0 = Release|Any CPU
		{41A63933-A3E9-43BE-8819-49B929F79BBE}.Debug|Any CPU.ActiveCfg = Debug|Any CPU
		{41A63933-A3E9-43BE-8819-49B929F79BBE}.Debug|Any CPU.Build.0 = Debug|Any CPU
		{41A63933-A3E9-43BE-8819-49B929F79BBE}.Release|Any CPU.ActiveCfg = Release|Any CPU
		{41A63933-A3E9-43BE-8819-49B929F79BBE}.Release|Any CPU.Build.0 = Release|Any CPU
	EndGlobalSection
	GlobalSection(SolutionProperties) = preSolution
		HideSolutionNode = FALSE
	EndGlobalSection
	GlobalSection(ExtensibilityGlobals) = postSolution
		SolutionGuid = {CC289B9A-CF1A-452C-97FD-A1BFD43BD7A3}
	EndGlobalSection
EndGlobal
