
Microsoft Visual Studio Solution File, Format Version 12.00
# Visual Studio Version 16
VisualStudioVersion = 16.0.30804.86
MinimumVisualStudioVersion = 10.0.40219.1
Project("{9A19103F-16F7-4668-BE54-9A1E7A4F7556}") = "Api", "Api\Api.csproj", "{FF93FE13-EE4F-4993-8991-7F1FF0454EC5}"
EndProject
Project("{2150E333-8FDC-42A3-9474-1A3956D46DE8}") = "Dominio", "Dominio", "{54016951-5022-4801-B77B-12040AF18AF5}"
EndProject
Project("{FAE04EC0-301F-11D3-BF4B-00C04F79EFBC}") = "Logica", "Dominio\Logica\Logica.csproj", "{A534D86D-80A9-4347-9008-D6A3ECE53CB4}"
EndProject
Project("{FAE04EC0-301F-11D3-BF4B-00C04F79EFBC}") = "ObjetosValor", "Dominio\ObjetosValor\ObjetosValor.csproj", "{2045B645-802D-435D-9FBC-21EACC9CB8D5}"
EndProject
Project("{2150E333-8FDC-42A3-9474-1A3956D46DE8}") = "Infraestrutura", "Infraestrutura", "{5C9EFB57-5E20-4727-BAC6-A59AA9757C3C}"
EndProject
Project("{FAE04EC0-301F-11D3-BF4B-00C04F79EFBC}") = "Repositorio", "Infraestrutura\Repositorio\Repositorio.csproj", "{E4E298DC-2D82-4F4D-BDDA-C18B654ACF34}"
EndProject
Project("{FAE04EC0-301F-11D3-BF4B-00C04F79EFBC}") = "Servico", "Infraestrutura\Servico\Servico.csproj", "{D017F988-694C-46A5-B18B-A53B99D29F3C}"
EndProject
Global
	GlobalSection(SolutionConfigurationPlatforms) = preSolution
		Debug|Any CPU = Debug|Any CPU
		Release|Any CPU = Release|Any CPU
	EndGlobalSection
	GlobalSection(ProjectConfigurationPlatforms) = postSolution
		{FF93FE13-EE4F-4993-8991-7F1FF0454EC5}.Debug|Any CPU.ActiveCfg = Debug|Any CPU
		{FF93FE13-EE4F-4993-8991-7F1FF0454EC5}.Debug|Any CPU.Build.0 = Debug|Any CPU
		{FF93FE13-EE4F-4993-8991-7F1FF0454EC5}.Release|Any CPU.ActiveCfg = Release|Any CPU
		{FF93FE13-EE4F-4993-8991-7F1FF0454EC5}.Release|Any CPU.Build.0 = Release|Any CPU
		{A534D86D-80A9-4347-9008-D6A3ECE53CB4}.Debug|Any CPU.ActiveCfg = Debug|Any CPU
		{A534D86D-80A9-4347-9008-D6A3ECE53CB4}.Debug|Any CPU.Build.0 = Debug|Any CPU
		{A534D86D-80A9-4347-9008-D6A3ECE53CB4}.Release|Any CPU.ActiveCfg = Release|Any CPU
		{A534D86D-80A9-4347-9008-D6A3ECE53CB4}.Release|Any CPU.Build.0 = Release|Any CPU
		{2045B645-802D-435D-9FBC-21EACC9CB8D5}.Debug|Any CPU.ActiveCfg = Debug|Any CPU
		{2045B645-802D-435D-9FBC-21EACC9CB8D5}.Debug|Any CPU.Build.0 = Debug|Any CPU
		{2045B645-802D-435D-9FBC-21EACC9CB8D5}.Release|Any CPU.ActiveCfg = Release|Any CPU
		{2045B645-802D-435D-9FBC-21EACC9CB8D5}.Release|Any CPU.Build.0 = Release|Any CPU
		{E4E298DC-2D82-4F4D-BDDA-C18B654ACF34}.Debug|Any CPU.ActiveCfg = Debug|Any CPU
		{E4E298DC-2D82-4F4D-BDDA-C18B654ACF34}.Debug|Any CPU.Build.0 = Debug|Any CPU
		{E4E298DC-2D82-4F4D-BDDA-C18B654ACF34}.Release|Any CPU.ActiveCfg = Release|Any CPU
		{E4E298DC-2D82-4F4D-BDDA-C18B654ACF34}.Release|Any CPU.Build.0 = Release|Any CPU
		{D017F988-694C-46A5-B18B-A53B99D29F3C}.Debug|Any CPU.ActiveCfg = Debug|Any CPU
		{D017F988-694C-46A5-B18B-A53B99D29F3C}.Debug|Any CPU.Build.0 = Debug|Any CPU
		{D017F988-694C-46A5-B18B-A53B99D29F3C}.Release|Any CPU.ActiveCfg = Release|Any CPU
		{D017F988-694C-46A5-B18B-A53B99D29F3C}.Release|Any CPU.Build.0 = Release|Any CPU
	EndGlobalSection
	GlobalSection(SolutionProperties) = preSolution
		HideSolutionNode = FALSE
	EndGlobalSection
	GlobalSection(NestedProjects) = preSolution
		{A534D86D-80A9-4347-9008-D6A3ECE53CB4} = {54016951-5022-4801-B77B-12040AF18AF5}
		{2045B645-802D-435D-9FBC-21EACC9CB8D5} = {54016951-5022-4801-B77B-12040AF18AF5}
		{E4E298DC-2D82-4F4D-BDDA-C18B654ACF34} = {5C9EFB57-5E20-4727-BAC6-A59AA9757C3C}
		{D017F988-694C-46A5-B18B-A53B99D29F3C} = {5C9EFB57-5E20-4727-BAC6-A59AA9757C3C}
	EndGlobalSection
	GlobalSection(ExtensibilityGlobals) = postSolution
		SolutionGuid = {BBEC1C60-1825-4BFE-BB86-25866A958142}
	EndGlobalSection
EndGlobal
