
Microsoft Visual Studio Solution File, Format Version 12.00
# Visual Studio 15
VisualStudioVersion = 15.0.26124.0
MinimumVisualStudioVersion = 15.0.26124.0
Project("{FAE04EC0-301F-11D3-BF4B-00C04F79EFBC}") = "Api", "Api\Api.csproj", "{D69B3641-0304-48CA-8B72-5523698BFDE5}"
EndProject
Project("{2150E333-8FDC-42A3-9474-1A3956D46DE8}") = "Dominio", "Dominio", "{65909060-7229-11EA-B711-5DE465928181}"
EndProject
Project("{FAE04EC0-301F-11D3-BF4B-00C04F79EFBC}") = "Abstracoes", "Abstracoes\Abstracoes.csproj", "{BEE1E4D7-0465-4ADF-ADE9-D98B5F3A3B92}"
EndProject
Project("{FAE04EC0-301F-11D3-BF4B-00C04F79EFBC}") = "Logica", "Dominio\Logica\Logica.csproj", "{6F2372AA-E5F6-4A95-B7A4-9EFE6D1EBF3A}"
EndProject
Project("{2150E333-8FDC-42A3-9474-1A3956D46DE8}") = "SharedKernel", "SharedKernel", "{98874950-7229-11EA-B711-5DE465928181}"
EndProject
Project("{FAE04EC0-301F-11D3-BF4B-00C04F79EFBC}") = "ObjetosValor", "SharedKernel\ObjetosValor\ObjetosValor.csproj", "{7136F285-FB16-40C7-85DC-FA47141CC86B}"
EndProject
Project("{FAE04EC0-301F-11D3-BF4B-00C04F79EFBC}") = "Repositorios", "Repositorios\Repositorios.csproj", "{6B9E3AFD-AD5E-405C-9FB2-70B423A9A4D4}"
EndProject
Project("{FAE04EC0-301F-11D3-BF4B-00C04F79EFBC}") = "Servicos", "Servicos\Servicos.csproj", "{D19DC70C-98A9-4284-BF01-41D3303D2EA7}"
EndProject
Project("{FAE04EC0-301F-11D3-BF4B-00C04F79EFBC}") = "Testes", "Testes\Testes.csproj", "{1F4ED203-07E6-4780-AF81-7790C2CA25C9}"
EndProject
Global
	GlobalSection(SolutionConfigurationPlatforms) = preSolution
		Debug|Any CPU = Debug|Any CPU
		Debug|x64 = Debug|x64
		Debug|x86 = Debug|x86
		Release|Any CPU = Release|Any CPU
		Release|x64 = Release|x64
		Release|x86 = Release|x86
	EndGlobalSection
	GlobalSection(SolutionProperties) = preSolution
		HideSolutionNode = FALSE
	EndGlobalSection
	GlobalSection(ProjectConfigurationPlatforms) = postSolution
		{D69B3641-0304-48CA-8B72-5523698BFDE5}.Debug|Any CPU.ActiveCfg = Debug|Any CPU
		{D69B3641-0304-48CA-8B72-5523698BFDE5}.Debug|Any CPU.Build.0 = Debug|Any CPU
		{D69B3641-0304-48CA-8B72-5523698BFDE5}.Debug|x64.ActiveCfg = Debug|Any CPU
		{D69B3641-0304-48CA-8B72-5523698BFDE5}.Debug|x64.Build.0 = Debug|Any CPU
		{D69B3641-0304-48CA-8B72-5523698BFDE5}.Debug|x86.ActiveCfg = Debug|Any CPU
		{D69B3641-0304-48CA-8B72-5523698BFDE5}.Debug|x86.Build.0 = Debug|Any CPU
		{D69B3641-0304-48CA-8B72-5523698BFDE5}.Release|Any CPU.ActiveCfg = Release|Any CPU
		{D69B3641-0304-48CA-8B72-5523698BFDE5}.Release|Any CPU.Build.0 = Release|Any CPU
		{D69B3641-0304-48CA-8B72-5523698BFDE5}.Release|x64.ActiveCfg = Release|Any CPU
		{D69B3641-0304-48CA-8B72-5523698BFDE5}.Release|x64.Build.0 = Release|Any CPU
		{D69B3641-0304-48CA-8B72-5523698BFDE5}.Release|x86.ActiveCfg = Release|Any CPU
		{D69B3641-0304-48CA-8B72-5523698BFDE5}.Release|x86.Build.0 = Release|Any CPU
		{6F2372AA-E5F6-4A95-B7A4-9EFE6D1EBF3A}.Debug|Any CPU.ActiveCfg = Debug|Any CPU
		{6F2372AA-E5F6-4A95-B7A4-9EFE6D1EBF3A}.Debug|Any CPU.Build.0 = Debug|Any CPU
		{6F2372AA-E5F6-4A95-B7A4-9EFE6D1EBF3A}.Debug|x64.ActiveCfg = Debug|Any CPU
		{6F2372AA-E5F6-4A95-B7A4-9EFE6D1EBF3A}.Debug|x64.Build.0 = Debug|Any CPU
		{6F2372AA-E5F6-4A95-B7A4-9EFE6D1EBF3A}.Debug|x86.ActiveCfg = Debug|Any CPU
		{6F2372AA-E5F6-4A95-B7A4-9EFE6D1EBF3A}.Debug|x86.Build.0 = Debug|Any CPU
		{6F2372AA-E5F6-4A95-B7A4-9EFE6D1EBF3A}.Release|Any CPU.ActiveCfg = Release|Any CPU
		{6F2372AA-E5F6-4A95-B7A4-9EFE6D1EBF3A}.Release|Any CPU.Build.0 = Release|Any CPU
		{6F2372AA-E5F6-4A95-B7A4-9EFE6D1EBF3A}.Release|x64.ActiveCfg = Release|Any CPU
		{6F2372AA-E5F6-4A95-B7A4-9EFE6D1EBF3A}.Release|x64.Build.0 = Release|Any CPU
		{6F2372AA-E5F6-4A95-B7A4-9EFE6D1EBF3A}.Release|x86.ActiveCfg = Release|Any CPU
		{6F2372AA-E5F6-4A95-B7A4-9EFE6D1EBF3A}.Release|x86.Build.0 = Release|Any CPU
		{7136F285-FB16-40C7-85DC-FA47141CC86B}.Debug|Any CPU.ActiveCfg = Debug|Any CPU
		{7136F285-FB16-40C7-85DC-FA47141CC86B}.Debug|Any CPU.Build.0 = Debug|Any CPU
		{7136F285-FB16-40C7-85DC-FA47141CC86B}.Debug|x64.ActiveCfg = Debug|Any CPU
		{7136F285-FB16-40C7-85DC-FA47141CC86B}.Debug|x64.Build.0 = Debug|Any CPU
		{7136F285-FB16-40C7-85DC-FA47141CC86B}.Debug|x86.ActiveCfg = Debug|Any CPU
		{7136F285-FB16-40C7-85DC-FA47141CC86B}.Debug|x86.Build.0 = Debug|Any CPU
		{7136F285-FB16-40C7-85DC-FA47141CC86B}.Release|Any CPU.ActiveCfg = Release|Any CPU
		{7136F285-FB16-40C7-85DC-FA47141CC86B}.Release|Any CPU.Build.0 = Release|Any CPU
		{7136F285-FB16-40C7-85DC-FA47141CC86B}.Release|x64.ActiveCfg = Release|Any CPU
		{7136F285-FB16-40C7-85DC-FA47141CC86B}.Release|x64.Build.0 = Release|Any CPU
		{7136F285-FB16-40C7-85DC-FA47141CC86B}.Release|x86.ActiveCfg = Release|Any CPU
		{7136F285-FB16-40C7-85DC-FA47141CC86B}.Release|x86.Build.0 = Release|Any CPU
		{6B9E3AFD-AD5E-405C-9FB2-70B423A9A4D4}.Debug|Any CPU.ActiveCfg = Debug|Any CPU
		{6B9E3AFD-AD5E-405C-9FB2-70B423A9A4D4}.Debug|Any CPU.Build.0 = Debug|Any CPU
		{6B9E3AFD-AD5E-405C-9FB2-70B423A9A4D4}.Debug|x64.ActiveCfg = Debug|Any CPU
		{6B9E3AFD-AD5E-405C-9FB2-70B423A9A4D4}.Debug|x64.Build.0 = Debug|Any CPU
		{6B9E3AFD-AD5E-405C-9FB2-70B423A9A4D4}.Debug|x86.ActiveCfg = Debug|Any CPU
		{6B9E3AFD-AD5E-405C-9FB2-70B423A9A4D4}.Debug|x86.Build.0 = Debug|Any CPU
		{6B9E3AFD-AD5E-405C-9FB2-70B423A9A4D4}.Release|Any CPU.ActiveCfg = Release|Any CPU
		{6B9E3AFD-AD5E-405C-9FB2-70B423A9A4D4}.Release|Any CPU.Build.0 = Release|Any CPU
		{6B9E3AFD-AD5E-405C-9FB2-70B423A9A4D4}.Release|x64.ActiveCfg = Release|Any CPU
		{6B9E3AFD-AD5E-405C-9FB2-70B423A9A4D4}.Release|x64.Build.0 = Release|Any CPU
		{6B9E3AFD-AD5E-405C-9FB2-70B423A9A4D4}.Release|x86.ActiveCfg = Release|Any CPU
		{6B9E3AFD-AD5E-405C-9FB2-70B423A9A4D4}.Release|x86.Build.0 = Release|Any CPU
		{D19DC70C-98A9-4284-BF01-41D3303D2EA7}.Debug|Any CPU.ActiveCfg = Debug|Any CPU
		{D19DC70C-98A9-4284-BF01-41D3303D2EA7}.Debug|Any CPU.Build.0 = Debug|Any CPU
		{D19DC70C-98A9-4284-BF01-41D3303D2EA7}.Debug|x64.ActiveCfg = Debug|Any CPU
		{D19DC70C-98A9-4284-BF01-41D3303D2EA7}.Debug|x64.Build.0 = Debug|Any CPU
		{D19DC70C-98A9-4284-BF01-41D3303D2EA7}.Debug|x86.ActiveCfg = Debug|Any CPU
		{D19DC70C-98A9-4284-BF01-41D3303D2EA7}.Debug|x86.Build.0 = Debug|Any CPU
		{D19DC70C-98A9-4284-BF01-41D3303D2EA7}.Release|Any CPU.ActiveCfg = Release|Any CPU
		{D19DC70C-98A9-4284-BF01-41D3303D2EA7}.Release|Any CPU.Build.0 = Release|Any CPU
		{D19DC70C-98A9-4284-BF01-41D3303D2EA7}.Release|x64.ActiveCfg = Release|Any CPU
		{D19DC70C-98A9-4284-BF01-41D3303D2EA7}.Release|x64.Build.0 = Release|Any CPU
		{D19DC70C-98A9-4284-BF01-41D3303D2EA7}.Release|x86.ActiveCfg = Release|Any CPU
		{D19DC70C-98A9-4284-BF01-41D3303D2EA7}.Release|x86.Build.0 = Release|Any CPU
		{1F4ED203-07E6-4780-AF81-7790C2CA25C9}.Debug|Any CPU.ActiveCfg = Debug|Any CPU
		{1F4ED203-07E6-4780-AF81-7790C2CA25C9}.Debug|Any CPU.Build.0 = Debug|Any CPU
		{1F4ED203-07E6-4780-AF81-7790C2CA25C9}.Debug|x64.ActiveCfg = Debug|Any CPU
		{1F4ED203-07E6-4780-AF81-7790C2CA25C9}.Debug|x64.Build.0 = Debug|Any CPU
		{1F4ED203-07E6-4780-AF81-7790C2CA25C9}.Debug|x86.ActiveCfg = Debug|Any CPU
		{1F4ED203-07E6-4780-AF81-7790C2CA25C9}.Debug|x86.Build.0 = Debug|Any CPU
		{1F4ED203-07E6-4780-AF81-7790C2CA25C9}.Release|Any CPU.ActiveCfg = Release|Any CPU
		{1F4ED203-07E6-4780-AF81-7790C2CA25C9}.Release|Any CPU.Build.0 = Release|Any CPU
		{1F4ED203-07E6-4780-AF81-7790C2CA25C9}.Release|x64.ActiveCfg = Release|Any CPU
		{1F4ED203-07E6-4780-AF81-7790C2CA25C9}.Release|x64.Build.0 = Release|Any CPU
		{1F4ED203-07E6-4780-AF81-7790C2CA25C9}.Release|x86.ActiveCfg = Release|Any CPU
		{1F4ED203-07E6-4780-AF81-7790C2CA25C9}.Release|x86.Build.0 = Release|Any CPU
		{BEE1E4D7-0465-4ADF-ADE9-D98B5F3A3B92}.Debug|Any CPU.ActiveCfg = Debug|Any CPU
		{BEE1E4D7-0465-4ADF-ADE9-D98B5F3A3B92}.Debug|Any CPU.Build.0 = Debug|Any CPU
		{BEE1E4D7-0465-4ADF-ADE9-D98B5F3A3B92}.Debug|x64.ActiveCfg = Debug|Any CPU
		{BEE1E4D7-0465-4ADF-ADE9-D98B5F3A3B92}.Debug|x64.Build.0 = Debug|Any CPU
		{BEE1E4D7-0465-4ADF-ADE9-D98B5F3A3B92}.Debug|x86.ActiveCfg = Debug|Any CPU
		{BEE1E4D7-0465-4ADF-ADE9-D98B5F3A3B92}.Debug|x86.Build.0 = Debug|Any CPU
		{BEE1E4D7-0465-4ADF-ADE9-D98B5F3A3B92}.Release|Any CPU.ActiveCfg = Release|Any CPU
		{BEE1E4D7-0465-4ADF-ADE9-D98B5F3A3B92}.Release|Any CPU.Build.0 = Release|Any CPU
		{BEE1E4D7-0465-4ADF-ADE9-D98B5F3A3B92}.Release|x64.ActiveCfg = Release|Any CPU
		{BEE1E4D7-0465-4ADF-ADE9-D98B5F3A3B92}.Release|x64.Build.0 = Release|Any CPU
		{BEE1E4D7-0465-4ADF-ADE9-D98B5F3A3B92}.Release|x86.ActiveCfg = Release|Any CPU
		{BEE1E4D7-0465-4ADF-ADE9-D98B5F3A3B92}.Release|x86.Build.0 = Release|Any CPU
	EndGlobalSection
	GlobalSection(NestedProjects) = preSolution
		{7136F285-FB16-40C7-85DC-FA47141CC86B} = {98874950-7229-11EA-B711-5DE465928181}
		{6F2372AA-E5F6-4A95-B7A4-9EFE6D1EBF3A} = {65909060-7229-11EA-B711-5DE465928181}
	EndGlobalSection
EndGlobal
